{
    "_readme": [
        "This file locks the dependencies of your project to a known state",
        "Read more about it at https://getcomposer.org/doc/01-basic-usage.md#composer-lock-the-lock-file",
        "This file is @generated automatically"
    ],
    "hash": "7d4977cb83bbcb8e668f85159f0771f1",
    "packages": [
        {
            "name": "keycdn/php-keycdn-api",
            "version": "1.0.0",
            "source": {
                "type": "git",
                "url": "https://github.com/keycdn/php-keycdn-api",
                "reference": "83a84f9673"
            },
            "type": "library"
        }
    ],
    "packages-dev": [],
    "aliases": [],
    "minimum-stability": "stable",
    "stability-flags": [],
    "prefer-stable": false,
    "prefer-lowest": false,
    "platform": [],
    "platform-dev": []
}
